Microsoft Visual Studio Solution File, Format Version 12.00
# Visual Studio Version 17
VisualStudioVersion = 17.5.2.0
MinimumVisualStudioVersion = 10.0.40219.1
Project("{FAE04EC0-301F-11D3-BF4B-00C04F79EFBC}") = "exceltomysql", "exceltomysql.csproj", "{12BDA070-A148-8285-C8C8-D273E3785145}"
EndProject
Global
	GlobalSection(SolutionConfigurationPlatforms) = preSolution
		Debug|Any CPU = Debug|Any CPU
		Release|Any CPU = Release|Any CPU
	EndGlobalSection
	GlobalSection(ProjectConfigurationPlatforms) = postSolution
		{12BDA070-A148-8285-C8C8-D273E3785145}.Debug|Any CPU.ActiveCfg = Debug|Any CPU
		{12BDA070-A148-8285-C8C8-D273E3785145}.Debug|Any CPU.Build.0 = Debug|Any CPU
		{12BDA070-A148-8285-C8C8-D273E3785145}.Release|Any CPU.ActiveCfg = Release|Any CPU
		{12BDA070-A148-8285-C8C8-D273E3785145}.Release|Any CPU.Build.0 = Release|Any CPU
	EndGlobalSection
	GlobalSection(SolutionProperties) = preSolution
		HideSolutionNode = FALSE
	EndGlobalSection
	GlobalSection(ExtensibilityGlobals) = postSolution
		SolutionGuid = {A4D401F6-DE13-4EAC-AB03-90A804AA7011}
	EndGlobalSection
EndGlobal
